// !$*UTF8*$!
{
	archiveVersion = 1;
	classes = {
	};
	objectVersion = 46;
	objects = {

/* Begin PBXBuildFile section */
		710394F61B22ADB800F01B5B /* LayoutController.swift in Sources */ = {isa = PBXBuildFile; fileRef = 710394F51B22ADB800F01B5B /* LayoutController.swift */; };
		710394F81B22ADC700F01B5B /* CollectionViewCell.swift in Sources */ = {isa = PBXBuildFile; fileRef = 710394F71B22ADC700F01B5B /* CollectionViewCell.swift */; };
		710394FA1B22BB6300F01B5B /* layoutPost.swift in Sources */ = {isa = PBXBuildFile; fileRef = 710394F91B22BB6300F01B5B /* layoutPost.swift */; };
		7109A8E91B04306900435D3C /* AppDelegate.swift in Sources */ = {isa = PBXBuildFile; fileRef = 7109A8E81B04306900435D3C /* AppDelegate.swift */; };
		7109A8EB1B04306900435D3C /* MotivateVC.swift in Sources */ = {isa = PBXBuildFile; fileRef = 7109A8EA1B04306900435D3C /* MotivateVC.swift */; };
		7109A8EE1B04306900435D3C /* Main.storyboard in Resources */ = {isa = PBXBuildFile; fileRef = 7109A8EC1B04306900435D3C /* Main.storyboard */; };
		7109A8F01B04306900435D3C /* Images.xcassets in Resources */ = {isa = PBXBuildFile; fileRef = 7109A8EF1B04306900435D3C /* Images.xcassets */; };
		7109A8F31B04306900435D3C /* LaunchScreen.xib in Resources */ = {isa = PBXBuildFile; fileRef = 7109A8F11B04306900435D3C /* LaunchScreen.xib */; };
		7109A8FF1B04306900435D3C /* WorkoutMotivationTests.swift in Sources */ = {isa = PBXBuildFile; fileRef = 7109A8FE1B04306900435D3C /* WorkoutMotivationTests.swift */; };
		710B1FA81B45E73C006A9EC0 /* TimelineViewCell.swift in Sources */ = {isa = PBXBuildFile; fileRef = 710B1FA71B45E73C006A9EC0 /* TimelineViewCell.swift */; };
		71142A761B0DCE0900AB3600 /* SocialVC.swift in Sources */ = {isa = PBXBuildFile; fileRef = 71142A751B0DCE0900AB3600 /* SocialVC.swift */; };
		7128A91E1B087F670035C41E /* ProgrammingVC.swift in Sources */ = {isa = PBXBuildFile; fileRef = 7128A91D1B087F670035C41E /* ProgrammingVC.swift */; };
		7128A9201B087FF70035C41E /* ProgrammingQuotes.swift in Sources */ = {isa = PBXBuildFile; fileRef = 7128A91F1B087FF70035C41E /* ProgrammingQuotes.swift */; };
		7128A9561B0A98520035C41E /* SCLAlertView.swift in Sources */ = {isa = PBXBuildFile; fileRef = 7128A9551B0A98520035C41E /* SCLAlertView.swift */; };
		7128A98A1B0B17590035C41E /* Button.xcassets in Resources */ = {isa = PBXBuildFile; fileRef = 7128A9891B0B17590035C41E /* Button.xcassets */; };
		7128F3D81B39DA750092094B /* Comments.swift in Sources */ = {isa = PBXBuildFile; fileRef = 7128F3D71B39DA750092094B /* Comments.swift */; };
		7135F2C11B0800FD002ACD53 /* WeightsVC.swift in Sources */ = {isa = PBXBuildFile; fileRef = 7135F2C01B0800FD002ACD53 /* WeightsVC.swift */; };
		7135F2C31B080711002ACD53 /* WeigthsQuotes.swift in Sources */ = {isa = PBXBuildFile; fileRef = 7135F2C21B080711002ACD53 /* WeigthsQuotes.swift */; };
		71561D011B1FD6A70052B5F7 /* PostImageViewController.swift in Sources */ = {isa = PBXBuildFile; fileRef = 71561D001B1FD6A70052B5F7 /* PostImageViewController.swift */; };
		71691B861B39DC8D005B6C32 /* CollectionViewCellComments.swift in Sources */ = {isa = PBXBuildFile; fileRef = 71691B851B39DC8D005B6C32 /* CollectionViewCellComments.swift */; };
		71691B921B3B05DB005B6C32 /* CommentsVC.swift in Sources */ = {isa = PBXBuildFile; fileRef = 71691B911B3B05DB005B6C32 /* CommentsVC.swift */; };
		716B872B1B15289D00B7E955 /* AudioToolbox.framework in Frameworks */ = {isa = PBXBuildFile; fileRef = 716B872A1B15289D00B7E955 /* AudioToolbox.framework */; };
		716B872D1B1528DA00B7E955 /* CFNetwork.framework in Frameworks */ = {isa = PBXBuildFile; fileRef = 716B872C1B1528DA00B7E955 /* CFNetwork.framework */; };
		716B872F1B1528E600B7E955 /* CoreGraphics.framework in Frameworks */ = {isa = PBXBuildFile; fileRef = 716B872E1B1528E600B7E955 /* CoreGraphics.framework */; };
		716B87311B1528ED00B7E955 /* CoreLocation.framework in Frameworks */ = {isa = PBXBuildFile; fileRef = 716B87301B1528ED00B7E955 /* CoreLocation.framework */; };
		716B87331B1528F500B7E955 /* MobileCoreServices.framework in Frameworks */ = {isa = PBXBuildFile; fileRef = 716B87321B1528F500B7E955 /* MobileCoreServices.framework */; };
		716B87351B1528FE00B7E955 /* QuartzCore.framework in Frameworks */ = {isa = PBXBuildFile; fileRef = 716B87341B1528FE00B7E955 /* QuartzCore.framework */; };
		716B87371B15290300B7E955 /* Security.framework in Frameworks */ = {isa = PBXBuildFile; fileRef = 716B87361B15290300B7E955 /* Security.framework */; };
		716B87391B15290A00B7E955 /* StoreKit.framework in Frameworks */ = {isa = PBXBuildFile; fileRef = 716B87381B15290A00B7E955 /* StoreKit.framework */; };
		716B873B1B15291300B7E955 /* SystemConfiguration.framework in Frameworks */ = {isa = PBXBuildFile; fileRef = 716B873A1B15291300B7E955 /* SystemConfiguration.framework */; };
		716B873D1B15291F00B7E955 /* libz.dylib in Frameworks */ = {isa = PBXBuildFile; fileRef = 716B873C1B15291F00B7E955 /* libz.dylib */; };
		716B873F1B15292700B7E955 /* libsqlite3.dylib in Frameworks */ = {isa = PBXBuildFile; fileRef = 716B873E1B15292700B7E955 /* libsqlite3.dylib */; };
		716B87461B152A1D00B7E955 /* ParseCrashReporting.framework in Frameworks */ = {isa = PBXBuildFile; fileRef = 716B87411B152A1D00B7E955 /* ParseCrashReporting.framework */; };
		716B87471B152A1D00B7E955 /* Parse.framework in Frameworks */ = {isa = PBXBuildFile; fileRef = 716B87421B152A1D00B7E955 /* Parse.framework */; };
		716B874A1B152A1D00B7E955 /* ParseUI.framework in Frameworks */ = {isa = PBXBuildFile; fileRef = 716B87451B152A1D00B7E955 /* ParseUI.framework */; };
		716B874F1B152E9D00B7E955 /* TimelineViewController.swift in Sources */ = {isa = PBXBuildFile; fileRef = 716B874D1B152E9D00B7E955 /* TimelineViewController.swift */; };
		71865A3F1B3D9B43009EFE19 /* CoverFlow.swift in Sources */ = {isa = PBXBuildFile; fileRef = 71865A3E1B3D9B43009EFE19 /* CoverFlow.swift */; };
		71865A411B3D9BD5009EFE19 /* DiscoverGroupsViewController.swift in Sources */ = {isa = PBXBuildFile; fileRef = 71865A401B3D9BD5009EFE19 /* DiscoverGroupsViewController.swift */; };
		718AAE0F1B453D8F0028697D /* MenuController.swift in Sources */ = {isa = PBXBuildFile; fileRef = 718AAE0E1B453D8F0028697D /* MenuController.swift */; };
		718AAE161B454B900028697D /* SWRevealViewController.m in Sources */ = {isa = PBXBuildFile; fileRef = 718AAE151B454B900028697D /* SWRevealViewController.m */; };
		718AAE191B454C980028697D /* MapKit.framework in Frameworks */ = {isa = PBXBuildFile; fileRef = 718AAE181B454C980028697D /* MapKit.framework */; };
		718AAE231B45946D0028697D /* postingViewController.swift in Sources */ = {isa = PBXBuildFile; fileRef = 718AAE221B45946D0028697D /* postingViewController.swift */; };
		719D53801B046D6900DD34CD /* MotivationCell.swift in Sources */ = {isa = PBXBuildFile; fileRef = 719D537F1B046D6900DD34CD /* MotivationCell.swift */; };
		719D538A1B066E1900DD34CD /* NavigationControl.swift in Sources */ = {isa = PBXBuildFile; fileRef = 719D53891B066E1900DD34CD /* NavigationControl.swift */; };
		719D538C1B06743400DD34CD /* SignUpVC.swift in Sources */ = {isa = PBXBuildFile; fileRef = 719D538B1B06743400DD34CD /* SignUpVC.swift */; };
		719D538E1B068FC100DD34CD /* Motivate.swift in Sources */ = {isa = PBXBuildFile; fileRef = 719D538D1B068FC100DD34CD /* Motivate.swift */; };
		719D53901B06934500DD34CD /* DataSource.swift in Sources */ = {isa = PBXBuildFile; fileRef = 719D538F1B06934500DD34CD /* DataSource.swift */; };
		71AF79C61B17D1F1007953CD /* profileVC.swift in Sources */ = {isa = PBXBuildFile; fileRef = 71AF79C51B17D1F1007953CD /* profileVC.swift */; };
		71AF79CB1B17D272007953CD /* AvatarImageView.swift in Sources */ = {isa = PBXBuildFile; fileRef = 71AF79C71B17D272007953CD /* AvatarImageView.swift */; };
		71AF79CC1B17D272007953CD /* FXBlurView.m in Sources */ = {isa = PBXBuildFile; fileRef = 71AF79C91B17D272007953CD /* FXBlurView.m */; };
		71AF79CD1B17D272007953CD /* TWTButton.swift in Sources */ = {isa = PBXBuildFile; fileRef = 71AF79CA1B17D272007953CD /* TWTButton.swift */; };
		71AF79F01B192F52007953CD /* pulltorefresharrow.png in Resources */ = {isa = PBXBuildFile; fileRef = 71AF79EF1B192F52007953CD /* pulltorefresharrow.png */; };
		71AF79F31B192F68007953CD /* PullToRefreshView.swift in Sources */ = {isa = PBXBuildFile; fileRef = 71AF79F11B192F68007953CD /* PullToRefreshView.swift */; };
		71AF79F41B192F68007953CD /* UIScrollViewExtension.swift in Sources */ = {isa = PBXBuildFile; fileRef = 71AF79F21B192F68007953CD /* UIScrollViewExtension.swift */; };
		71AF79F61B192F98007953CD /* PullToRefreshOption.swift in Sources */ = {isa = PBXBuildFile; fileRef = 71AF79F51B192F98007953CD /* PullToRefreshOption.swift */; };
		71C553771B2801A500357D8A /* AsyncButton.swift in Sources */ = {isa = PBXBuildFile; fileRef = 71C5535B1B2801A500357D8A /* AsyncButton.swift */; };
		71C553781B2801A500357D8A /* AsyncImageView.swift in Sources */ = {isa = PBXBuildFile; fileRef = 71C5535C1B2801A500357D8A /* AsyncImageView.swift */; };
		71C553791B2801A500357D8A /* AutoTextView.swift in Sources */ = {isa = PBXBuildFile; fileRef = 71C5535D1B2801A500357D8A /* AutoTextView.swift */; };
		71C5537A1B2801A500357D8A /* LoadingView.swift in Sources */ = {isa = PBXBuildFile; fileRef = 71C5535E1B2801A500357D8A /* LoadingView.swift */; };
		71C5537B1B2801A500357D8A /* LoadingView.xib in Resources */ = {isa = PBXBuildFile; fileRef = 71C5535F1B2801A500357D8A /* LoadingView.xib */; };
		71C5537C1B2801A500357D8A /* BlurView.swift in Sources */ = {isa = PBXBuildFile; fileRef = 71C553601B2801A500357D8A /* BlurView.swift */; };
		71C5537D1B2801A500357D8A /* DesignableButton.swift in Sources */ = {isa = PBXBuildFile; fileRef = 71C553611B2801A500357D8A /* DesignableButton.swift */; };
		71C5537E1B2801A500357D8A /* DesignableImageView.swift in Sources */ = {isa = PBXBuildFile; fileRef = 71C553621B2801A500357D8A /* DesignableImageView.swift */; };
		71C5537F1B2801A500357D8A /* DesignableLabel.swift in Sources */ = {isa = PBXBuildFile; fileRef = 71C553631B2801A500357D8A /* DesignableLabel.swift */; };
		71C553801B2801A500357D8A /* DesignableTextField.swift in Sources */ = {isa = PBXBuildFile; fileRef = 71C553641B2801A500357D8A /* DesignableTextField.swift */; };
		71C553811B2801A500357D8A /* DesignableTextView.swift in Sources */ = {isa = PBXBuildFile; fileRef = 71C553651B2801A500357D8A /* DesignableTextView.swift */; };
		71C553821B2801A500357D8A /* DesignableView.swift in Sources */ = {isa = PBXBuildFile; fileRef = 71C553661B2801A500357D8A /* DesignableView.swift */; };
		71C553831B2801A500357D8A /* DesignableTabBarController.swift in Sources */ = {isa = PBXBuildFile; fileRef = 71C553671B2801A500357D8A /* DesignableTabBarController.swift */; };
		71C553841B2801A500357D8A /* ImageLoader.swift in Sources */ = {isa = PBXBuildFile; fileRef = 71C553681B2801A500357D8A /* ImageLoader.swift */; };
		71C553851B2801A500357D8A /* KeyboardLayoutConstraint.swift in Sources */ = {isa = PBXBuildFile; fileRef = 71C553691B2801A500357D8A /* KeyboardLayoutConstraint.swift */; };
		71C553861B2801A500357D8A /* Misc.swift in Sources */ = {isa = PBXBuildFile; fileRef = 71C5536A1B2801A500357D8A /* Misc.swift */; };
		71C553871B2801A500357D8A /* SoundPlayer.swift in Sources */ = {isa = PBXBuildFile; fileRef = 71C5536B1B2801A500357D8A /* SoundPlayer.swift */; };
		71C553881B2801A500357D8A /* Spring.swift in Sources */ = {isa = PBXBuildFile; fileRef = 71C5536C1B2801A500357D8A /* Spring.swift */; };
		71C553891B2801A500357D8A /* SpringAnimation.swift in Sources */ = {isa = PBXBuildFile; fileRef = 71C5536D1B2801A500357D8A /* SpringAnimation.swift */; };
		71C5538A1B2801A500357D8A /* SpringButton.swift in Sources */ = {isa = PBXBuildFile; fileRef = 71C5536E1B2801A500357D8A /* SpringButton.swift */; };
		71C5538B1B2801A500357D8A /* SpringImageView.swift in Sources */ = {isa = PBXBuildFile; fileRef = 71C5536F1B2801A500357D8A /* SpringImageView.swift */; };
		71C5538C1B2801A500357D8A /* SpringLabel.swift in Sources */ = {isa = PBXBuildFile; fileRef = 71C553701B2801A500357D8A /* SpringLabel.swift */; };
		71C5538D1B2801A500357D8A /* SpringTextField.swift in Sources */ = {isa = PBXBuildFile; fileRef = 71C553711B2801A500357D8A /* SpringTextField.swift */; };
		71C5538E1B2801A500357D8A /* SpringTextView.swift in Sources */ = {isa = PBXBuildFile; fileRef = 71C553721B2801A500357D8A /* SpringTextView.swift */; };
		71C5538F1B2801A500357D8A /* SpringView.swift in Sources */ = {isa = PBXBuildFile; fileRef = 71C553731B2801A500357D8A /* SpringView.swift */; };
		71C553901B2801A500357D8A /* TransitionManager.swift in Sources */ = {isa = PBXBuildFile; fileRef = 71C553741B2801A500357D8A /* TransitionManager.swift */; };
		71C553911B2801A500357D8A /* TransitionZoom.swift in Sources */ = {isa = PBXBuildFile; fileRef = 71C553751B2801A500357D8A /* TransitionZoom.swift */; };
		71C553921B2801A500357D8A /* UnwindSegue.swift in Sources */ = {isa = PBXBuildFile; fileRef = 71C553761B2801A500357D8A /* UnwindSegue.swift */; };
		71C553951B281D8500357D8A /* PicUpload.swift in Sources */ = {isa = PBXBuildFile; fileRef = 71C553941B281D8500357D8A /* PicUpload.swift */; };
		71C553CC1B2ACB1800357D8A /* SBGestureTableView.swift in Sources */ = {isa = PBXBuildFile; fileRef = 71C553C81B2ACB1800357D8A /* SBGestureTableView.swift */; };
		71C553CD1B2ACB1800357D8A /* SBGestureTableViewCell.swift in Sources */ = {isa = PBXBuildFile; fileRef = 71C553C91B2ACB1800357D8A /* SBGestureTableViewCell.swift */; };
		71C553CE1B2ACB1800357D8A /* SBGestureTableViewCellAction.swift in Sources */ = {isa = PBXBuildFile; fileRef = 71C553CA1B2ACB1800357D8A /* SBGestureTableViewCellAction.swift */; };
		71C553CF1B2ACB1800357D8A /* SBGestureTableViewCellSideView.swift in Sources */ = {isa = PBXBuildFile; fileRef = 71C553CB1B2ACB1800357D8A /* SBGestureTableViewCellSideView.swift */; };
		71C553E01B2ACBD900357D8A /* FAKFontAwesome.m in Sources */ = {isa = PBXBuildFile; fileRef = 71C553D21B2ACBD900357D8A /* FAKFontAwesome.m */; };
		71C553E11B2ACBD900357D8A /* FAKFoundationIcons.m in Sources */ = {isa = PBXBuildFile; fileRef = 71C553D41B2ACBD900357D8A /* FAKFoundationIcons.m */; };
		71C553E21B2ACBD900357D8A /* FAKIcon.m in Sources */ = {isa = PBXBuildFile; fileRef = 71C553D61B2ACBD900357D8A /* FAKIcon.m */; };
		71C553E31B2ACBD900357D8A /* FAKIonIcons.m in Sources */ = {isa = PBXBuildFile; fileRef = 71C553D81B2ACBD900357D8A /* FAKIonIcons.m */; };
		71C553E41B2ACBD900357D8A /* FAKZocial.m in Sources */ = {isa = PBXBuildFile; fileRef = 71C553DA1B2ACBD900357D8A /* FAKZocial.m */; };
		71C553E51B2ACBD900357D8A /* FontAwesome.otf in Resources */ = {isa = PBXBuildFile; fileRef = 71C553DB1B2ACBD900357D8A /* FontAwesome.otf */; };
		71C553E61B2ACBD900357D8A /* foundation-icons.ttf in Resources */ = {isa = PBXBuildFile; fileRef = 71C553DD1B2ACBD900357D8A /* foundation-icons.ttf */; };
		71C553E71B2ACBD900357D8A /* ionicons.ttf in Resources */ = {isa = PBXBuildFile; fileRef = 71C553DE1B2ACBD900357D8A /* ionicons.ttf */; };
		71C553E81B2ACBD900357D8A /* zocial-regular-webfont.ttf in Resources */ = {isa = PBXBuildFile; fileRef = 71C553DF1B2ACBD900357D8A /* zocial-regular-webfont.ttf */; };
		71CEE5F31B1283F000E85AA2 /* CardioVC.swift in Sources */ = {isa = PBXBuildFile; fileRef = 71CEE5F21B1283F000E85AA2 /* CardioVC.swift */; };
		71CEE5F61B12BB8100E85AA2 /* StudyVC.swift in Sources */ = {isa = PBXBuildFile; fileRef = 71CEE5F51B12BB8100E85AA2 /* StudyVC.swift */; };
		71CEE6001B12C46B00E85AA2 /* Bolts.framework in Frameworks */ = {isa = PBXBuildFile; fileRef = 71CEE5FF1B12C46B00E85AA2 /* Bolts.framework */; };
		71CEE6081B12CBDE00E85AA2 /* floatTableViewCell.m in Sources */ = {isa = PBXBuildFile; fileRef = 71CEE6041B12CBDE00E85AA2 /* floatTableViewCell.m */; };
		71CEE6091B12CBDE00E85AA2 /* floatTableViewCell.xib in Resources */ = {isa = PBXBuildFile; fileRef = 71CEE6051B12CBDE00E85AA2 /* floatTableViewCell.xib */; };
		71CEE60A1B12CBDE00E85AA2 /* VCFloatingActionButton.m in Sources */ = {isa = PBXBuildFile; fileRef = 71CEE6071B12CBDE00E85AA2 /* VCFloatingActionButton.m */; };
		71CEE60D1B12D27400E85AA2 /* RAMPaperSwitch.swift in Sources */ = {isa = PBXBuildFile; fileRef = 71CEE60C1B12D27400E85AA2 /* RAMPaperSwitch.swift */; };
		71CEE60F1B13085700E85AA2 /* TextFieldViewController.swift in Sources */ = {isa = PBXBuildFile; fileRef = 71CEE60E1B13085700E85AA2 /* TextFieldViewController.swift */; };
		71CEE6111B13087900E85AA2 /* MKTextField.swift in Sources */ = {isa = PBXBuildFile; fileRef = 71CEE6101B13087900E85AA2 /* MKTextField.swift */; };
		71CEE6171B13089200E85AA2 /* MKTableViewCell.swift in Sources */ = {isa = PBXBuildFile; fileRef = 71CEE6121B13089200E85AA2 /* MKTableViewCell.swift */; };
		71CEE6181B13089200E85AA2 /* MKLabel.swift in Sources */ = {isa = PBXBuildFile; fileRef = 71CEE6131B13089200E85AA2 /* MKLabel.swift */; };
		71CEE6191B13089200E85AA2 /* MKImageView.swift in Sources */ = {isa = PBXBuildFile; fileRef = 71CEE6141B13089200E85AA2 /* MKImageView.swift */; };
		71CEE61A1B13089200E85AA2 /* MKLayer.swift in Sources */ = {isa = PBXBuildFile; fileRef = 71CEE6151B13089200E85AA2 /* MKLayer.swift */; };
		71CEE61B1B13089200E85AA2 /* MKColor.swift in Sources */ = {isa = PBXBuildFile; fileRef = 71CEE6161B13089200E85AA2 /* MKColor.swift */; };
		71CEE61D1B13089900E85AA2 /* MKButton.swift in Sources */ = {isa = PBXBuildFile; fileRef = 71CEE61C1B13089900E85AA2 /* MKButton.swift */; };
		71D803F81B0E8B3D0072541D /* loginVC.swift in Sources */ = {isa = PBXBuildFile; fileRef = 71D803F71B0E8B3D0072541D /* loginVC.swift */; };
		71D8762D1B2DFD1B0095A1B4 /* SwiftSpinner.swift in Sources */ = {isa = PBXBuildFile; fileRef = 71D8762C1B2DFD1B0095A1B4 /* SwiftSpinner.swift */; };
		71EE7A881B349587000EA33E /* FriendController.swift in Sources */ = {isa = PBXBuildFile; fileRef = 71EE7A871B349587000EA33E /* FriendController.swift */; };
		71EE7A8A1B3496AA000EA33E /* CollectionViewCell2.swift in Sources */ = {isa = PBXBuildFile; fileRef = 71EE7A891B3496AA000EA33E /* CollectionViewCell2.swift */; };
/* End PBXBuildFile section */

/* Begin PBXContainerItemProxy section */
		7109A8F91B04306900435D3C /* PBXContainerItemProxy */ = {
			isa = PBXContainerItemProxy;
			containerPortal = 7109A8DB1B04306900435D3C /* Project object */;
			proxyType = 1;
			remoteGlobalIDString = 7109A8E21B04306900435D3C;
			remoteInfo = WorkoutMotivation;
		};
/* End PBXContainerItemProxy section */

/* Begin PBXFileReference section */
		710394F51B22ADB800F01B5B /* LayoutController.swift */ = {isa = PBXFileReference; fileEncoding = 4; lastKnownFileType = sourcecode.swift; path = LayoutController.swift; sourceTree = "<group>"; };
		710394F71B22ADC700F01B5B /* CollectionViewCell.swift */ = {isa = PBXFileReference; fileEncoding = 4; lastKnownFileType = sourcecode.swift; name = CollectionViewCell.swift; path = WorkoutMotivation/CollectionViewCell.swift; sourceTree = "<group>"; };
		710394F91B22BB6300F01B5B /* layoutPost.swift */ = {isa = PBXFileReference; fileEncoding = 4; lastKnownFileType = sourcecode.swift; path = layoutPost.swift; sourceTree = "<group>"; };
		7109A8E31B04306900435D3C /* WorkoutMotivation.app */ = {isa = PBXFileReference; explicitFileType = wrapper.application; includeInIndex = 0; path = WorkoutMotivation.app; sourceTree = BUILT_PRODUCTS_DIR; };
		7109A8E71B04306900435D3C /* Info.plist */ = {isa = PBXFileReference; lastKnownFileType = text.plist.xml; path = Info.plist; sourceTree = "<group>"; };
		7109A8E81B04306900435D3C /* AppDelegate.swift */ = {isa = PBXFileReference; lastKnownFileType = sourcecode.swift; path = AppDelegate.swift; sourceTree = "<group>"; };
		7109A8EA1B04306900435D3C /* MotivateVC.swift */ = {isa = PBXFileReference; lastKnownFileType = sourcecode.swift; path = MotivateVC.swift; sourceTree = "<group>"; };
		7109A8ED1B04306900435D3C /* Base */ = {isa = PBXFileReference; lastKnownFileType = file.storyboard; name = Base; path = Base.lproj/Main.storyboard; sourceTree = "<group>"; };
		7109A8EF1B04306900435D3C /* Images.xcassets */ = {isa = PBXFileReference; lastKnownFileType = folder.assetcatalog; path = Images.xcassets; sourceTree = "<group>"; };
		7109A8F21B04306900435D3C /* Base */ = {isa = PBXFileReference; lastKnownFileType = file.xib; name = Base; path = Base.lproj/LaunchScreen.xib; sourceTree = "<group>"; };
		7109A8F81B04306900435D3C /* WorkoutMotivationTests.xctest */ = {isa = PBXFileReference; explicitFileType = wrapper.cfbundle; includeInIndex = 0; path = WorkoutMotivationTests.xctest; sourceTree = BUILT_PRODUCTS_DIR; };
		7109A8FD1B04306900435D3C /* Info.plist */ = {isa = PBXFileReference; lastKnownFileType = text.plist.xml; path = Info.plist; sourceTree = "<group>"; };
		7109A8FE1B04306900435D3C /* WorkoutMotivationTests.swift */ = {isa = PBXFileReference; lastKnownFileType = sourcecode.swift; path = WorkoutMotivationTests.swift; sourceTree = "<group>"; };
		710B1FA71B45E73C006A9EC0 /* TimelineViewCell.swift */ = {isa = PBXFileReference; fileEncoding = 4; lastKnownFileType = sourcecode.swift; path = TimelineViewCell.swift; sourceTree = "<group>"; };
		71142A751B0DCE0900AB3600 /* SocialVC.swift */ = {isa = PBXFileReference; fileEncoding = 4; lastKnownFileType = sourcecode.swift; name = SocialVC.swift; path = WorkoutMotivation/SocialVC.swift; sourceTree = "<group>"; };
		7128A91D1B087F670035C41E /* ProgrammingVC.swift */ = {isa = PBXFileReference; fileEncoding = 4; lastKnownFileType = sourcecode.swift; name = ProgrammingVC.swift; path = WorkoutMotivation/ProgrammingVC.swift; sourceTree = "<group>"; };
		7128A91F1B087FF70035C41E /* ProgrammingQuotes.swift */ = {isa = PBXFileReference; fileEncoding = 4; lastKnownFileType = sourcecode.swift; name = ProgrammingQuotes.swift; path = WorkoutMotivation/ProgrammingQuotes.swift; sourceTree = "<group>"; };
		7128A9551B0A98520035C41E /* SCLAlertView.swift */ = {isa = PBXFileReference; fileEncoding = 4; lastKnownFileType = sourcecode.swift; path = SCLAlertView.swift; sourceTree = "<group>"; };
		7128A9891B0B17590035C41E /* Button.xcassets */ = {isa = PBXFileReference; lastKnownFileType = folder.assetcatalog; path = Button.xcassets; sourceTree = "<group>"; };
		7128F3D71B39DA750092094B /* Comments.swift */ = {isa = PBXFileReference; fileEncoding = 4; lastKnownFileType = sourcecode.swift; path = Comments.swift; sourceTree = "<group>"; };
		7135F2C01B0800FD002ACD53 /* WeightsVC.swift */ = {isa = PBXFileReference; fileEncoding = 4; lastKnownFileType = sourcecode.swift; name = WeightsVC.swift; path = WorkoutMotivation/WeightsVC.swift; sourceTree = "<group>"; };
		7135F2C21B080711002ACD53 /* WeigthsQuotes.swift */ = {isa = PBXFileReference; fileEncoding = 4; lastKnownFileType = sourcecode.swift; name = WeigthsQuotes.swift; path = WorkoutMotivation/WeigthsQuotes.swift; sourceTree = "<group>"; };
		71561D001B1FD6A70052B5F7 /* PostImageViewController.swift */ = {isa = PBXFileReference; fileEncoding = 4; lastKnownFileType = sourcecode.swift; path = PostImageViewController.swift; sourceTree = "<group>"; };
		71691B851B39DC8D005B6C32 /* CollectionViewCellComments.swift */ = {isa = PBXFileReference; fileEncoding = 4; lastKnownFileType = sourcecode.swift; path = CollectionViewCellComments.swift; sourceTree = "<group>"; };
		71691B911B3B05DB005B6C32 /* CommentsVC.swift */ = {isa = PBXFileReference; fileEncoding = 4; lastKnownFileType = sourcecode.swift; path = CommentsVC.swift; sourceTree = "<group>"; };
		716B872A1B15289D00B7E955 /* AudioToolbox.framework */ = {isa = PBXFileReference; lastKnownFileType = wrapper.framework; name = AudioToolbox.framework; path = System/Library/Frameworks/AudioToolbox.framework; sourceTree = SDKROOT; };
		716B872C1B1528DA00B7E955 /* CFNetwork.framework */ = {isa = PBXFileReference; lastKnownFileType = wrapper.framework; name = CFNetwork.framework; path = System/Library/Frameworks/CFNetwork.framework; sourceTree = SDKROOT; };
		716B872E1B1528E600B7E955 /* CoreGraphics.framework */ = {isa = PBXFileReference; lastKnownFileType = wrapper.framework; name = CoreGraphics.framework; path = System/Library/Frameworks/CoreGraphics.framework; sourceTree = SDKROOT; };
		716B87301B1528ED00B7E955 /* CoreLocation.framework */ = {isa = PBXFileReference; lastKnownFileType = wrapper.framework; name = CoreLocation.framework; path = System/Library/Frameworks/CoreLocation.framework; sourceTree = SDKROOT; };
		716B87321B1528F500B7E955 /* MobileCoreServices.framework */ = {isa = PBXFileReference; lastKnownFileType = wrapper.framework; name = MobileCoreServices.framework; path = System/Library/Frameworks/MobileCoreServices.framework; sourceTree = SDKROOT; };
		716B87341B1528FE00B7E955 /* QuartzCore.framework */ = {isa = PBXFileReference; lastKnownFileType = wrapper.framework; name = QuartzCore.framework; path = System/Library/Frameworks/QuartzCore.framework; sourceTree = SDKROOT; };
		716B87361B15290300B7E955 /* Security.framework */ = {isa = PBXFileReference; lastKnownFileType = wrapper.framework; name = Security.framework; path = System/Library/Frameworks/Security.framework; sourceTree = SDKROOT; };
		716B87381B15290A00B7E955 /* StoreKit.framework */ = {isa = PBXFileReference; lastKnownFileType = wrapper.framework; name = StoreKit.framework; path = System/Library/Frameworks/StoreKit.framework; sourceTree = SDKROOT; };
		716B873A1B15291300B7E955 /* SystemConfiguration.framework */ = {isa = PBXFileReference; lastKnownFileType = wrapper.framework; name = SystemConfiguration.framework; path = System/Library/Frameworks/SystemConfiguration.framework; sourceTree = SDKROOT; };
		716B873C1B15291F00B7E955 /* libz.dylib */ = {isa = PBXFileReference; lastKnownFileType = "compiled.mach-o.dylib"; name = libz.dylib; path = usr/lib/libz.dylib; sourceTree = SDKROOT; };
		716B873E1B15292700B7E955 /* libsqlite3.dylib */ = {isa = PBXFileReference; lastKnownFileType = "compiled.mach-o.dylib"; name = libsqlite3.dylib; path = usr/lib/libsqlite3.dylib; sourceTree = SDKROOT; };
		716B87411B152A1D00B7E955 /* ParseCrashReporting.framework */ = {isa = PBXFileReference; lastKnownFileType = wrapper.framework; path = ParseCrashReporting.framework; sourceTree = "<group>"; };
		716B87421B152A1D00B7E955 /* Parse.framework */ = {isa = PBXFileReference; lastKnownFileType = wrapper.framework; path = Parse.framework; sourceTree = "<group>"; };
		716B87451B152A1D00B7E955 /* ParseUI.framework */ = {isa = PBXFileReference; lastKnownFileType = wrapper.framework; path = ParseUI.framework; sourceTree = "<group>"; };
		716B874D1B152E9D00B7E955 /* TimelineViewController.swift */ = {isa = PBXFileReference; fileEncoding = 4; lastKnownFileType = sourcecode.swift; path = TimelineViewController.swift; sourceTree = "<group>"; };
		71865A3E1B3D9B43009EFE19 /* CoverFlow.swift */ = {isa = PBXFileReference; fileEncoding = 4; lastKnownFileType = sourcecode.swift; path = CoverFlow.swift; sourceTree = "<group>"; };
		71865A401B3D9BD5009EFE19 /* DiscoverGroupsViewController.swift */ = {isa = PBXFileReference; fileEncoding = 4; lastKnownFileType = sourcecode.swift; path = DiscoverGroupsViewController.swift; sourceTree = "<group>"; };
		718AAE0E1B453D8F0028697D /* MenuController.swift */ = {isa = PBXFileReference; fileEncoding = 4; lastKnownFileType = sourcecode.swift; path = MenuController.swift; sourceTree = "<group>"; };
		718AAE141B454B900028697D /* SWRevealViewController.h */ = {isa = PBXFileReference; fileEncoding = 4; lastKnownFileType = sourcecode.c.h; path = SWRevealViewController.h; sourceTree = "<group>"; };
		718AAE151B454B900028697D /* SWRevealViewController.m */ = {isa = PBXFileReference; fileEncoding = 4; lastKnownFileType = sourcecode.c.objc; path = SWRevealViewController.m; sourceTree = "<group>"; };
		718AAE181B454C980028697D /* MapKit.framework */ = {isa = PBXFileReference; lastKnownFileType = wrapper.framework; name = MapKit.framework; path = System/Library/Frameworks/MapKit.framework; sourceTree = SDKROOT; };
		718AAE221B45946D0028697D /* postingViewController.swift */ = {isa = PBXFileReference; fileEncoding = 4; lastKnownFileType = sourcecode.swift; path = postingViewController.swift; sourceTree = "<group>"; };
		719D537F1B046D6900DD34CD /* MotivationCell.swift */ = {isa = PBXFileReference; fileEncoding = 4; lastKnownFileType = sourcecode.swift; path = MotivationCell.swift; sourceTree = "<group>"; };
		719D53891B066E1900DD34CD /* NavigationControl.swift */ = {isa = PBXFileReference; fileEncoding = 4; lastKnownFileType = sourcecode.swift; name = NavigationControl.swift; path = WorkoutMotivation/NavigationControl.swift; sourceTree = "<group>"; };
		719D538B1B06743400DD34CD /* SignUpVC.swift */ = {isa = PBXFileReference; fileEncoding = 4; lastKnownFileType = sourcecode.swift; name = SignUpVC.swift; path = WorkoutMotivation/SignUpVC.swift; sourceTree = "<group>"; };
		719D538D1B068FC100DD34CD /* Motivate.swift */ = {isa = PBXFileReference; fileEncoding = 4; lastKnownFileType = sourcecode.swift; name = Motivate.swift; path = WorkoutMotivation/Motivate.swift; sourceTree = "<group>"; };
		719D538F1B06934500DD34CD /* DataSource.swift */ = {isa = PBXFileReference; fileEncoding = 4; lastKnownFileType = sourcecode.swift; name = DataSource.swift; path = WorkoutMotivation/DataSource.swift; sourceTree = "<group>"; };
		71AF79C51B17D1F1007953CD /* profileVC.swift */ = {isa = PBXFileReference; fileEncoding = 4; lastKnownFileType = sourcecode.swift; path = profileVC.swift; sourceTree = "<group>"; };
		71AF79C71B17D272007953CD /* AvatarImageView.swift */ = {isa = PBXFileReference; fileEncoding = 4; lastKnownFileType = sourcecode.swift; path = AvatarImageView.swift; sourceTree = "<group>"; };
		71AF79C81B17D272007953CD /* FXBlurView.h */ = {isa = PBXFileReference; fileEncoding = 4; lastKnownFileType = sourcecode.c.h; path = FXBlurView.h; sourceTree = "<group>"; };
		71AF79C91B17D272007953CD /* FXBlurView.m */ = {isa = PBXFileReference; fileEncoding = 4; lastKnownFileType = sourcecode.c.objc; path = FXBlurView.m; sourceTree = "<group>"; };
		71AF79CA1B17D272007953CD /* TWTButton.swift */ = {isa = PBXFileReference; fileEncoding = 4; lastKnownFileType = sourcecode.swift; path = TWTButton.swift; sourceTree = "<group>"; };
		71AF79EF1B192F52007953CD /* pulltorefresharrow.png */ = {isa = PBXFileReference; lastKnownFileType = image.png; path = pulltorefresharrow.png; sourceTree = "<group>"; };
		71AF79F11B192F68007953CD /* PullToRefreshView.swift */ = {isa = PBXFileReference; fileEncoding = 4; lastKnownFileType = sourcecode.swift; path = PullToRefreshView.swift; sourceTree = "<group>"; };
		71AF79F21B192F68007953CD /* UIScrollViewExtension.swift */ = {isa = PBXFileReference; fileEncoding = 4; lastKnownFileType = sourcecode.swift; path = UIScrollViewExtension.swift; sourceTree = "<group>"; };
		71AF79F51B192F98007953CD /* PullToRefreshOption.swift */ = {isa = PBXFileReference; fileEncoding = 4; lastKnownFileType = sourcecode.swift; path = PullToRefreshOption.swift; sourceTree = "<group>"; };
		71C5535B1B2801A500357D8A /* AsyncButton.swift */ = {isa = PBXFileReference; fileEncoding = 4; lastKnownFileType = sourcecode.swift; path = AsyncButton.swift; sourceTree = "<group>"; };
		71C5535C1B2801A500357D8A /* AsyncImageView.swift */ = {isa = PBXFileReference; fileEncoding = 4; lastKnownFileType = sourcecode.swift; path = AsyncImageView.swift; sourceTree = "<group>"; };
		71C5535D1B2801A500357D8A /* AutoTextView.swift */ = {isa = PBXFileReference; fileEncoding = 4; lastKnownFileType = sourcecode.swift; path = AutoTextView.swift; sourceTree = "<group>"; };
		71C5535E1B2801A500357D8A /* LoadingView.swift */ = {isa = PBXFileReference; fileEncoding = 4; lastKnownFileType = sourcecode.swift; path = LoadingView.swift; sourceTree = "<group>"; };
		71C5535F1B2801A500357D8A /* LoadingView.xib */ = {isa = PBXFileReference; fileEncoding = 4; lastKnownFileType = file.xib; path = LoadingView.xib; sourceTree = "<group>"; };
		71C553601B2801A500357D8A /* BlurView.swift */ = {isa = PBXFileReference; fileEncoding = 4; lastKnownFileType = sourcecode.swift; path = BlurView.swift; sourceTree = "<group>"; };
		71C553611B2801A500357D8A /* DesignableButton.swift */ = {isa = PBXFileReference; fileEncoding = 4; lastKnownFileType = sourcecode.swift; path = DesignableButton.swift; sourceTree = "<group>"; };
		71C553621B2801A500357D8A /* DesignableImageView.swift */ = {isa = PBXFileReference; fileEncoding = 4; lastKnownFileType = sourcecode.swift; path = DesignableImageView.swift; sourceTree = "<group>"; };
		71C553631B2801A500357D8A /* DesignableLabel.swift */ = {isa = PBXFileReference; fileEncoding = 4; lastKnownFileType = sourcecode.swift; path = DesignableLabel.swift; sourceTree = "<group>"; };
		71C553641B2801A500357D8A /* DesignableTextField.swift */ = {isa = PBXFileReference; fileEncoding = 4; lastKnownFileType = sourcecode.swift; path = DesignableTextField.swift; sourceTree = "<group>"; };
		71C553651B2801A500357D8A /* DesignableTextView.swift */ = {isa = PBXFileReference; fileEncoding = 4; lastKnownFileType = sourcecode.swift; path = DesignableTextView.swift; sourceTree = "<group>"; };
		71C553661B2801A500357D8A /* DesignableView.swift */ = {isa = PBXFileReference; fileEncoding = 4; lastKnownFileType = sourcecode.swift; path = DesignableView.swift; sourceTree = "<group>"; };
		71C553671B2801A500357D8A /* DesignableTabBarController.swift */ = {isa = PBXFileReference; fileEncoding = 4; lastKnownFileType = sourcecode.swift; path = DesignableTabBarController.swift; sourceTree = "<group>"; };
		71C553681B2801A500357D8A /* ImageLoader.swift */ = {isa = PBXFileReference; fileEncoding = 4; lastKnownFileType = sourcecode.swift; path = ImageLoader.swift; sourceTree = "<group>"; };
		71C553691B2801A500357D8A /* KeyboardLayoutConstraint.swift */ = {isa = PBXFileReference; fileEncoding = 4; lastKnownFileType = sourcecode.swift; path = KeyboardLayoutConstraint.swift; sourceTree = "<group>"; };
		71C5536A1B2801A500357D8A /* Misc.swift */ = {isa = PBXFileReference; fileEncoding = 4; lastKnownFileType = sourcecode.swift; path = Misc.swift; sourceTree = "<group>"; };
		71C5536B1B2801A500357D8A /* SoundPlayer.swift */ = {isa = PBXFileReference; fileEncoding = 4; lastKnownFileType = sourcecode.swift; path = SoundPlayer.swift; sourceTree = "<group>"; };
		71C5536C1B2801A500357D8A /* Spring.swift */ = {isa = PBXFileReference; fileEncoding = 4; lastKnownFileType = sourcecode.swift; path = Spring.swift; sourceTree = "<group>"; };
		71C5536D1B2801A500357D8A /* SpringAnimation.swift */ = {isa = PBXFileReference; fileEncoding = 4; lastKnownFileType = sourcecode.swift; path = SpringAnimation.swift; sourceTree = "<group>"; };
		71C5536E1B2801A500357D8A /* SpringButton.swift */ = {isa = PBXFileReference; fileEncoding = 4; lastKnownFileType = sourcecode.swift; path = SpringButton.swift; sourceTree = "<group>"; };
		71C5536F1B2801A500357D8A /* SpringImageView.swift */ = {isa = PBXFileReference; fileEncoding = 4; lastKnownFileType = sourcecode.swift; path = SpringImageView.swift; sourceTree = "<group>"; };
		71C553701B2801A500357D8A /* SpringLabel.swift */ = {isa = PBXFileReference; fileEncoding = 4; lastKnownFileType = sourcecode.swift; path = SpringLabel.swift; sourceTree = "<group>"; };
		71C553711B2801A500357D8A /* SpringTextField.swift */ = {isa = PBXFileReference; fileEncoding = 4; lastKnownFileType = sourcecode.swift; path = SpringTextField.swift; sourceTree = "<group>"; };
		71C553721B2801A500357D8A /* SpringTextView.swift */ = {isa = PBXFileReference; fileEncoding = 4; lastKnownFileType = sourcecode.swift; path = SpringTextView.swift; sourceTree = "<group>"; };
		71C553731B2801A500357D8A /* SpringView.swift */ = {isa = PBXFileReference; fileEncoding = 4; lastKnownFileType = sourcecode.swift; path = SpringView.swift; sourceTree = "<group>"; };
		71C553741B2801A500357D8A /* TransitionManager.swift */ = {isa = PBXFileReference; fileEncoding = 4; lastKnownFileType = sourcecode.swift; path = TransitionManager.swift; sourceTree = "<group>"; };
		71C553751B2801A500357D8A /* TransitionZoom.swift */ = {isa = PBXFileReference; fileEncoding = 4; lastKnownFileType = sourcecode.swift; path = TransitionZoom.swift; sourceTree = "<group>"; };
		71C553761B2801A500357D8A /* UnwindSegue.swift */ = {isa = PBXFileReference; fileEncoding = 4; lastKnownFileType = sourcecode.swift; path = UnwindSegue.swift; sourceTree = "<group>"; };
		71C553941B281D8500357D8A /* PicUpload.swift */ = {isa = PBXFileReference; fileEncoding = 4; lastKnownFileType = sourcecode.swift; path = PicUpload.swift; sourceTree = "<group>"; };
		71C553C81B2ACB1800357D8A /* SBGestureTableView.swift */ = {isa = PBXFileReference; fileEncoding = 4; lastKnownFileType = sourcecode.swift; path = SBGestureTableView.swift; sourceTree = "<group>"; };
		71C553C91B2ACB1800357D8A /* SBGestureTableViewCell.swift */ = {isa = PBXFileReference; fileEncoding = 4; lastKnownFileType = sourcecode.swift; path = SBGestureTableViewCell.swift; sourceTree = "<group>"; };
		71C553CA1B2ACB1800357D8A /* SBGestureTableViewCellAction.swift */ = {isa = PBXFileReference; fileEncoding = 4; lastKnownFileType = sourcecode.swift; path = SBGestureTableViewCellAction.swift; sourceTree = "<group>"; };
		71C553CB1B2ACB1800357D8A /* SBGestureTableViewCellSideView.swift */ = {isa = PBXFileReference; fileEncoding = 4; lastKnownFileType = sourcecode.swift; path = SBGestureTableViewCellSideView.swift; sourceTree = "<group>"; };
		71C553D11B2ACBD900357D8A /* FAKFontAwesome.h */ = {isa = PBXFileReference; fileEncoding = 4; lastKnownFileType = sourcecode.c.h; path = FAKFontAwesome.h; sourceTree = "<group>"; };
		71C553D21B2ACBD900357D8A /* FAKFontAwesome.m */ = {isa = PBXFileReference; fileEncoding = 4; lastKnownFileType = sourcecode.c.objc; path = FAKFontAwesome.m; sourceTree = "<group>"; };
		71C553D31B2ACBD900357D8A /* FAKFoundationIcons.h */ = {isa = PBXFileReference; fileEncoding = 4; lastKnownFileType = sourcecode.c.h; path = FAKFoundationIcons.h; sourceTree = "<group>"; };
		71C553D41B2ACBD900357D8A /* FAKFoundationIcons.m */ = {isa = PBXFileReference; fileEncoding = 4; lastKnownFileType = sourcecode.c.objc; path = FAKFoundationIcons.m; sourceTree = "<group>"; };
		71C553D51B2ACBD900357D8A /* FAKIcon.h */ = {isa = PBXFileReference; fileEncoding = 4; lastKnownFileType = sourcecode.c.h; path = FAKIcon.h; sourceTree = "<group>"; };
		71C553D61B2ACBD900357D8A /* FAKIcon.m */ = {isa = PBXFileReference; fileEncoding = 4; lastKnownFileType = sourcecode.c.objc; path = FAKIcon.m; sourceTree = "<group>"; };
		71C553D71B2ACBD900357D8A /* FAKIonIcons.h */ = {isa = PBXFileReference; fileEncoding = 4; lastKnownFileType = sourcecode.c.h; path = FAKIonIcons.h; sourceTree = "<group>"; };
		71C553D81B2ACBD900357D8A /* FAKIonIcons.m */ = {isa = PBXFileReference; fileEncoding = 4; lastKnownFileType = sourcecode.c.objc; path = FAKIonIcons.m; sourceTree = "<group>"; };
		71C553D91B2ACBD900357D8A /* FAKZocial.h */ = {isa = PBXFileReference; fileEncoding = 4; lastKnownFileType = sourcecode.c.h; path = FAKZocial.h; sourceTree = "<group>"; };
		71C553DA1B2ACBD900357D8A /* FAKZocial.m */ = {isa = PBXFileReference; fileEncoding = 4; lastKnownFileType = sourcecode.c.objc; path = FAKZocial.m; sourceTree = "<group>"; };
		71C553DB1B2ACBD900357D8A /* FontAwesome.otf */ = {isa = PBXFileReference; lastKnownFileType = file; path = FontAwesome.otf; sourceTree = "<group>"; };
		71C553DC1B2ACBD900357D8A /* FontAwesomeKit.h */ = {isa = PBXFileReference; fileEncoding = 4; lastKnownFileType = sourcecode.c.h; path = FontAwesomeKit.h; sourceTree = "<group>"; };
		71C553DD1B2ACBD900357D8A /* foundation-icons.ttf */ = {isa = PBXFileReference; lastKnownFileType = file; path = "foundation-icons.ttf"; sourceTree = "<group>"; };
		71C553DE1B2ACBD900357D8A /* ionicons.ttf */ = {isa = PBXFileReference; lastKnownFileType = file; path = ionicons.ttf; sourceTree = "<group>"; };
		71C553DF1B2ACBD900357D8A /* zocial-regular-webfont.ttf */ = {isa = PBXFileReference; lastKnownFileType = file; path = "zocial-regular-webfont.ttf"; sourceTree = "<group>"; };
		71CEE5F21B1283F000E85AA2 /* CardioVC.swift */ = {isa = PBXFileReference; fileEncoding = 4; lastKnownFileType = sourcecode.swift; name = CardioVC.swift; path = WorkoutMotivation/CardioVC.swift; sourceTree = "<group>"; };
		71CEE5F51B12BB8100E85AA2 /* StudyVC.swift */ = {isa = PBXFileReference; fileEncoding = 4; lastKnownFileType = sourcecode.swift; path = StudyVC.swift; sourceTree = "<group>"; };
		71CEE5F71B12C00D00E85AA2 /* WorkoutMotivation-Bridging-Header.h */ = {isa = PBXFileReference; lastKnownFileType = sourcecode.c.h; path = "WorkoutMotivation-Bridging-Header.h"; sourceTree = "<group>"; };
		71CEE5FF1B12C46B00E85AA2 /* Bolts.framework */ = {isa = PBXFileReference; lastKnownFileType = wrapper.framework; path = Bolts.framework; sourceTree = "<group>"; };
		71CEE6031B12CBDE00E85AA2 /* floatTableViewCell.h */ = {isa = PBXFileReference; fileEncoding = 4; lastKnownFileType = sourcecode.c.h; path = floatTableViewCell.h; sourceTree = "<group>"; };
		71CEE6041B12CBDE00E85AA2 /* floatTableViewCell.m */ = {isa = PBXFileReference; fileEncoding = 4; lastKnownFileType = sourcecode.c.objc; path = floatTableViewCell.m; sourceTree = "<group>"; };
		71CEE6051B12CBDE00E85AA2 /* floatTableViewCell.xib */ = {isa = PBXFileReference; fileEncoding = 4; lastKnownFileType = file.xib; path = floatTableViewCell.xib; sourceTree = "<group>"; };
		71CEE6061B12CBDE00E85AA2 /* VCFloatingActionButton.h */ = {isa = PBXFileReference; fileEncoding = 4; lastKnownFileType = sourcecode.c.h; path = VCFloatingActionButton.h; sourceTree = "<group>"; };
		71CEE6071B12CBDE00E85AA2 /* VCFloatingActionButton.m */ = {isa = PBXFileReference; fileEncoding = 4; lastKnownFileType = sourcecode.c.objc; path = VCFloatingActionButton.m; sourceTree = "<group>"; };
		71CEE60C1B12D27400E85AA2 /* RAMPaperSwitch.swift */ = {isa = PBXFileReference; fileEncoding = 4; lastKnownFileType = sourcecode.swift; path = RAMPaperSwitch.swift; sourceTree = "<group>"; };
		71CEE60E1B13085700E85AA2 /* TextFieldViewController.swift */ = {isa = PBXFileReference; fileEncoding = 4; lastKnownFileType = sourcecode.swift; path = TextFieldViewController.swift; sourceTree = "<group>"; };
		71CEE6101B13087900E85AA2 /* MKTextField.swift */ = {isa = PBXFileReference; fileEncoding = 4; lastKnownFileType = sourcecode.swift; path = MKTextField.swift; sourceTree = "<group>"; };
		71CEE6121B13089200E85AA2 /* MKTableViewCell.swift */ = {isa = PBXFileReference; fileEncoding = 4; lastKnownFileType = sourcecode.swift; path = MKTableViewCell.swift; sourceTree = "<group>"; };
		71CEE6131B13089200E85AA2 /* MKLabel.swift */ = {isa = PBXFileReference; fileEncoding = 4; lastKnownFileType = sourcecode.swift; path = MKLabel.swift; sourceTree = "<group>"; };
		71CEE6141B13089200E85AA2 /* MKImageView.swift */ = {isa = PBXFileReference; fileEncoding = 4; lastKnownFileType = sourcecode.swift; path = MKImageView.swift; sourceTree = "<group>"; };
		71CEE6151B13089200E85AA2 /* MKLayer.swift */ = {isa = PBXFileReference; fileEncoding = 4; lastKnownFileType = sourcecode.swift; path = MKLayer.swift; sourceTree = "<group>"; };
		71CEE6161B13089200E85AA2 /* MKColor.swift */ = {isa = PBXFileReference; fileEncoding = 4; lastKnownFileType = sourcecode.swift; path = MKColor.swift; sourceTree = "<group>"; };
		71CEE61C1B13089900E85AA2 /* MKButton.swift */ = {isa = PBXFileReference; fileEncoding = 4; lastKnownFileType = sourcecode.swift; path = MKButton.swift; sourceTree = "<group>"; };
		71D803F71B0E8B3D0072541D /* loginVC.swift */ = {isa = PBXFileReference; fileEncoding = 4; lastKnownFileType = sourcecode.swift; name = loginVC.swift; path = WorkoutMotivation/loginVC.swift; sourceTree = "<group>"; };
		71D8762C1B2DFD1B0095A1B4 /* SwiftSpinner.swift */ = {isa = PBXFileReference; fileEncoding = 4; lastKnownFileType = sourcecode.swift; name = SwiftSpinner.swift; path = SwiftSpinner/SwiftSpinner.swift; sourceTree = "<group>"; };
		71EE7A871B349587000EA33E /* FriendController.swift */ = {isa = PBXFileReference; fileEncoding = 4; lastKnownFileType = sourcecode.swift; path = FriendController.swift; sourceTree = "<group>"; };
		71EE7A891B3496AA000EA33E /* CollectionViewCell2.swift */ = {isa = PBXFileReference; fileEncoding = 4; lastKnownFileType = sourcecode.swift; path = CollectionViewCell2.swift; sourceTree = "<group>"; };
/* End PBXFileReference section */

/* Begin PBXFrameworksBuildPhase section */
		7109A8E01B04306900435D3C /* Frameworks */ = {
			isa = PBXFrameworksBuildPhase;
			buildActionMask = 2147483647;
			files = (
				718AAE191B454C980028697D /* MapKit.framework in Frameworks */,
				716B873F1B15292700B7E955 /* libsqlite3.dylib in Frameworks */,
				716B873D1B15291F00B7E955 /* libz.dylib in Frameworks */,
				716B873B1B15291300B7E955 /* SystemConfiguration.framework in Frameworks */,
				716B87461B152A1D00B7E955 /* ParseCrashReporting.framework in Frameworks */,
				716B87391B15290A00B7E955 /* StoreKit.framework in Frameworks */,
				716B87371B15290300B7E955 /* Security.framework in Frameworks */,
				716B87351B1528FE00B7E955 /* QuartzCore.framework in Frameworks */,
				716B87331B1528F500B7E955 /* MobileCoreServices.framework in Frameworks */,
				716B874A1B152A1D00B7E955 /* ParseUI.framework in Frameworks */,
				716B87311B1528ED00B7E955 /* CoreLocation.framework in Frameworks */,
				716B872F1B1528E600B7E955 /* CoreGraphics.framework in Frameworks */,
				716B87471B152A1D00B7E955 /* Parse.framework in Frameworks */,
				716B872D1B1528DA00B7E955 /* CFNetwork.framework in Frameworks */,
				716B872B1B15289D00B7E955 /* AudioToolbox.framework in Frameworks */,
				71CEE6001B12C46B00E85AA2 /* Bolts.framework in Frameworks */,
			);
			runOnlyForDeploymentPostprocessing = 0;
		};
		7109A8F51B04306900435D3C /* Frameworks */ = {
			isa = PBXFrameworksBuildPhase;
			buildActionMask = 2147483647;
			files = (
			);
			runOnlyForDeploymentPostprocessing = 0;
		};
/* End PBXFrameworksBuildPhase section */

/* Begin PBXGroup section */
		7109A8DA1B04306900435D3C = {
			isa = PBXGroup;
			children = (
				716B87401B1529B300B7E955 /* Frameworks */,
				7109A8E51B04306900435D3C /* WorkoutMotivation */,
				7109A8FB1B04306900435D3C /* WorkoutMotivationTests */,
				7109A8E41B04306900435D3C /* Products */,
			);
			sourceTree = "<group>";
		};
		7109A8E41B04306900435D3C /* Products */ = {
			isa = PBXGroup;
			children = (
				7109A8E31B04306900435D3C /* WorkoutMotivation.app */,
				7109A8F81B04306900435D3C /* WorkoutMotivationTests.xctest */,
			);
			name = Products;
			sourceTree = "<group>";
		};
		7109A8E51B04306900435D3C /* WorkoutMotivation */ = {
			isa = PBXGroup;
			children = (
				716B874D1B152E9D00B7E955 /* TimelineViewController.swift */,
				718AAE221B45946D0028697D /* postingViewController.swift */,
				710B1FA71B45E73C006A9EC0 /* TimelineViewCell.swift */,
				718AAE0E1B453D8F0028697D /* MenuController.swift */,
				7109A8EA1B04306900435D3C /* MotivateVC.swift */,
				71691B911B3B05DB005B6C32 /* CommentsVC.swift */,
				7128F3D71B39DA750092094B /* Comments.swift */,
				71561D001B1FD6A70052B5F7 /* PostImageViewController.swift */,
				71AF79C51B17D1F1007953CD /* profileVC.swift */,
				7109A8EC1B04306900435D3C /* Main.storyboard */,
				710394F51B22ADB800F01B5B /* LayoutController.swift */,
				71EE7A871B349587000EA33E /* FriendController.swift */,
				71C553941B281D8500357D8A /* PicUpload.swift */,
				71865A401B3D9BD5009EFE19 /* DiscoverGroupsViewController.swift */,
				71865A3E1B3D9B43009EFE19 /* CoverFlow.swift */,
				7109A8E81B04306900435D3C /* AppDelegate.swift */,
				710394F91B22BB6300F01B5B /* layoutPost.swift */,
				71CEE5F41B12BA7E00E85AA2 /* VC's */,
				7109A8EF1B04306900435D3C /* Images.xcassets */,
				7128A9891B0B17590035C41E /* Button.xcassets */,
				7109A8F11B04306900435D3C /* LaunchScreen.xib */,
				7109A8E61B04306900435D3C /* Supporting Files */,
			);
			path = WorkoutMotivation;
			sourceTree = "<group>";
		};
		7109A8E61B04306900435D3C /* Supporting Files */ = {
			isa = PBXGroup;
			children = (
				718AAE171B454B930028697D /* SWRevealViewController */,
				71D8762C1B2DFD1B0095A1B4 /* SwiftSpinner.swift */,
				71CEE60B1B12CBEA00E85AA2 /* VCFloatingButton */,
				71C553D01B2ACB1E00357D8A /* SBGestureTableView */,
				716B874B1B152A6C00B7E955 /* MaterialKit */,
				71C553E91B2ACBDE00357D8A /* FontAwesomeKit */,
				71C553931B2801AB00357D8A /* Spring */,
				71AF79F71B192F9F007953CD /* Pull to refresh */,
				7128A9551B0A98520035C41E /* SCLAlertView.swift */,
				71AF79C71B17D272007953CD /* AvatarImageView.swift */,
				71CEE5F71B12C00D00E85AA2 /* WorkoutMotivation-Bridging-Header.h */,
				7109A8E71B04306900435D3C /* Info.plist */,
			);
			name = "Supporting Files";
			sourceTree = "<group>";
		};
		7109A8FB1B04306900435D3C /* WorkoutMotivationTests */ = {
			isa = PBXGroup;
			children = (
				7109A8FE1B04306900435D3C /* WorkoutMotivationTests.swift */,
				7109A8FC1B04306900435D3C /* Supporting Files */,
			);
			path = WorkoutMotivationTests;
			sourceTree = "<group>";
		};
		7109A8FC1B04306900435D3C /* Supporting Files */ = {
			isa = PBXGroup;
			children = (
				7109A8FD1B04306900435D3C /* Info.plist */,
			);
			name = "Supporting Files";
			sourceTree = "<group>";
		};
		716B87401B1529B300B7E955 /* Frameworks */ = {
			isa = PBXGroup;
			children = (
				718AAE181B454C980028697D /* MapKit.framework */,
				716B87411B152A1D00B7E955 /* ParseCrashReporting.framework */,
				716B87421B152A1D00B7E955 /* Parse.framework */,
				716B87451B152A1D00B7E955 /* ParseUI.framework */,
				716B873E1B15292700B7E955 /* libsqlite3.dylib */,
				716B873C1B15291F00B7E955 /* libz.dylib */,
				716B873A1B15291300B7E955 /* SystemConfiguration.framework */,
				716B87381B15290A00B7E955 /* StoreKit.framework */,
				716B87361B15290300B7E955 /* Security.framework */,
				716B87341B1528FE00B7E955 /* QuartzCore.framework */,
				716B87321B1528F500B7E955 /* MobileCoreServices.framework */,
				716B87301B1528ED00B7E955 /* CoreLocation.framework */,
				716B872E1B1528E600B7E955 /* CoreGraphics.framework */,
				716B872C1B1528DA00B7E955 /* CFNetwork.framework */,
				716B872A1B15289D00B7E955 /* AudioToolbox.framework */,
				71CEE5FF1B12C46B00E85AA2 /* Bolts.framework */,
			);
			name = Frameworks;
			sourceTree = "<group>";
		};
		716B874B1B152A6C00B7E955 /* MaterialKit */ = {
			isa = PBXGroup;
			children = (
				71CEE60E1B13085700E85AA2 /* TextFieldViewController.swift */,
				71CEE6121B13089200E85AA2 /* MKTableViewCell.swift */,
				71CEE6131B13089200E85AA2 /* MKLabel.swift */,
				71CEE6141B13089200E85AA2 /* MKImageView.swift */,
				71CEE61C1B13089900E85AA2 /* MKButton.swift */,
				71CEE6151B13089200E85AA2 /* MKLayer.swift */,
				71CEE6161B13089200E85AA2 /* MKColor.swift */,
				71CEE6101B13087900E85AA2 /* MKTextField.swift */,
			);
			name = MaterialKit;
			sourceTree = "<group>";
		};
		718AAE171B454B930028697D /* SWRevealViewController */ = {
			isa = PBXGroup;
			children = (
				718AAE141B454B900028697D /* SWRevealViewController.h */,
				718AAE151B454B900028697D /* SWRevealViewController.m */,
			);
			name = SWRevealViewController;
			sourceTree = "<group>";
		};
		71AF79F71B192F9F007953CD /* Pull to refresh */ = {
			isa = PBXGroup;
			children = (
				71AF79F11B192F68007953CD /* PullToRefreshView.swift */,
				71AF79F51B192F98007953CD /* PullToRefreshOption.swift */,
				71AF79F21B192F68007953CD /* UIScrollViewExtension.swift */,
				71AF79EF1B192F52007953CD /* pulltorefresharrow.png */,
			);
			name = "Pull to refresh";
			sourceTree = "<group>";
		};
		71C553931B2801AB00357D8A /* Spring */ = {
			isa = PBXGroup;
			children = (
				71C5535B1B2801A500357D8A /* AsyncButton.swift */,
				71C5535C1B2801A500357D8A /* AsyncImageView.swift */,
				71C5535D1B2801A500357D8A /* AutoTextView.swift */,
				71C5535E1B2801A500357D8A /* LoadingView.swift */,
				71C5535F1B2801A500357D8A /* LoadingView.xib */,
				71C553601B2801A500357D8A /* BlurView.swift */,
				71C553611B2801A500357D8A /* DesignableButton.swift */,
				71C553621B2801A500357D8A /* DesignableImageView.swift */,
				71C553631B2801A500357D8A /* DesignableLabel.swift */,
				71C553641B2801A500357D8A /* DesignableTextField.swift */,
				71C553651B2801A500357D8A /* DesignableTextView.swift */,
				71C553661B2801A500357D8A /* DesignableView.swift */,
				71C553671B2801A500357D8A /* DesignableTabBarController.swift */,
				71C553681B2801A500357D8A /* ImageLoader.swift */,
				71C553691B2801A500357D8A /* KeyboardLayoutConstraint.swift */,
				71C5536A1B2801A500357D8A /* Misc.swift */,
				71C5536B1B2801A500357D8A /* SoundPlayer.swift */,
				71C5536C1B2801A500357D8A /* Spring.swift */,
				71C5536D1B2801A500357D8A /* SpringAnimation.swift */,
				71C5536E1B2801A500357D8A /* SpringButton.swift */,
				71C5536F1B2801A500357D8A /* SpringImageView.swift */,
				71C553701B2801A500357D8A /* SpringLabel.swift */,
				71C553711B2801A500357D8A /* SpringTextField.swift */,
				71C553721B2801A500357D8A /* SpringTextView.swift */,
				71C553731B2801A500357D8A /* SpringView.swift */,
				71C553741B2801A500357D8A /* TransitionManager.swift */,
				71C553751B2801A500357D8A /* TransitionZoom.swift */,
				71C553761B2801A500357D8A /* UnwindSegue.swift */,
			);
			name = Spring;
			sourceTree = "<group>";
		};
		71C553D01B2ACB1E00357D8A /* SBGestureTableView */ = {
			isa = PBXGroup;
			children = (
				71C553C81B2ACB1800357D8A /* SBGestureTableView.swift */,
				71C553C91B2ACB1800357D8A /* SBGestureTableViewCell.swift */,
				71C553CA1B2ACB1800357D8A /* SBGestureTableViewCellAction.swift */,
				71C553CB1B2ACB1800357D8A /* SBGestureTableViewCellSideView.swift */,
			);
			name = SBGestureTableView;
			sourceTree = "<group>";
		};
		71C553E91B2ACBDE00357D8A /* FontAwesomeKit */ = {
			isa = PBXGroup;
			children = (
				71C553D11B2ACBD900357D8A /* FAKFontAwesome.h */,
				71C553D21B2ACBD900357D8A /* FAKFontAwesome.m */,
				71C553D31B2ACBD900357D8A /* FAKFoundationIcons.h */,
				71C553D41B2ACBD900357D8A /* FAKFoundationIcons.m */,
				71C553D51B2ACBD900357D8A /* FAKIcon.h */,
				71C553D61B2ACBD900357D8A /* FAKIcon.m */,
				71C553D71B2ACBD900357D8A /* FAKIonIcons.h */,
				71C553D81B2ACBD900357D8A /* FAKIonIcons.m */,
				71C553D91B2ACBD900357D8A /* FAKZocial.h */,
				71C553DA1B2ACBD900357D8A /* FAKZocial.m */,
				71C553DB1B2ACBD900357D8A /* FontAwesome.otf */,
				71C553DC1B2ACBD900357D8A /* FontAwesomeKit.h */,
				71C553DD1B2ACBD900357D8A /* foundation-icons.ttf */,
				71C553DE1B2ACBD900357D8A /* ionicons.ttf */,
				71C553DF1B2ACBD900357D8A /* zocial-regular-webfont.ttf */,
			);
			name = FontAwesomeKit;
			sourceTree = "<group>";
		};
		71CEE5F41B12BA7E00E85AA2 /* VC's */ = {
			isa = PBXGroup;
			children = (
				71CEE5F21B1283F000E85AA2 /* CardioVC.swift */,
				7135F2C01B0800FD002ACD53 /* WeightsVC.swift */,
				71691B851B39DC8D005B6C32 /* CollectionViewCellComments.swift */,
				7128A91D1B087F670035C41E /* ProgrammingVC.swift */,
				71CEE5F51B12BB8100E85AA2 /* StudyVC.swift */,
				71D803F71B0E8B3D0072541D /* loginVC.swift */,
				719D538B1B06743400DD34CD /* SignUpVC.swift */,
				710394F71B22ADC700F01B5B /* CollectionViewCell.swift */,
				71EE7A891B3496AA000EA33E /* CollectionViewCell2.swift */,
				7128A91F1B087FF70035C41E /* ProgrammingQuotes.swift */,
				7135F2C21B080711002ACD53 /* WeigthsQuotes.swift */,
				719D53891B066E1900DD34CD /* NavigationControl.swift */,
				719D537F1B046D6900DD34CD /* MotivationCell.swift */,
				719D538D1B068FC100DD34CD /* Motivate.swift */,
				719D538F1B06934500DD34CD /* DataSource.swift */,
				71142A751B0DCE0900AB3600 /* SocialVC.swift */,
			);
			name = "VC's";
			path = ..;
			sourceTree = "<group>";
		};
		71CEE60B1B12CBEA00E85AA2 /* VCFloatingButton */ = {
			isa = PBXGroup;
			children = (
				71AF79C81B17D272007953CD /* FXBlurView.h */,
				71AF79C91B17D272007953CD /* FXBlurView.m */,
				71AF79CA1B17D272007953CD /* TWTButton.swift */,
				71CEE60C1B12D27400E85AA2 /* RAMPaperSwitch.swift */,
				71CEE6031B12CBDE00E85AA2 /* floatTableViewCell.h */,
				71CEE6041B12CBDE00E85AA2 /* floatTableViewCell.m */,
				71CEE6051B12CBDE00E85AA2 /* floatTableViewCell.xib */,
				71CEE6061B12CBDE00E85AA2 /* VCFloatingActionButton.h */,
				71CEE6071B12CBDE00E85AA2 /* VCFloatingActionButton.m */,
			);
			name = VCFloatingButton;
			sourceTree = "<group>";
		};
/* End PBXGroup section */

/* Begin PBXNativeTarget section */
		7109A8E21B04306900435D3C /* WorkoutMotivation */ = {
			isa = PBXNativeTarget;
			buildConfigurationList = 7109A9021B04306900435D3C /* Build configuration list for PBXNativeTarget "WorkoutMotivation" */;
			buildPhases = (
				7109A8DF1B04306900435D3C /* Sources */,
				7109A8E01B04306900435D3C /* Frameworks */,
				7109A8E11B04306900435D3C /* Resources */,
			);
			buildRules = (
			);
			dependencies = (
			);
			name = WorkoutMotivation;
			productName = WorkoutMotivation;
			productReference = 7109A8E31B04306900435D3C /* WorkoutMotivation.app */;
			productType = "com.apple.product-type.application";
		};
		7109A8F71B04306900435D3C /* WorkoutMotivationTests */ = {
			isa = PBXNativeTarget;
			buildConfigurationList = 7109A9051B04306900435D3C /* Build configuration list for PBXNativeTarget "WorkoutMotivationTests" */;
			buildPhases = (
				7109A8F41B04306900435D3C /* Sources */,
				7109A8F51B04306900435D3C /* Frameworks */,
				7109A8F61B04306900435D3C /* Resources */,
			);
			buildRules = (
			);
			dependencies = (
				7109A8FA1B04306900435D3C /* PBXTargetDependency */,
			);
			name = WorkoutMotivationTests;
			productName = WorkoutMotivationTests;
			productReference = 7109A8F81B04306900435D3C /* WorkoutMotivationTests.xctest */;
			productType = "com.apple.product-type.bundle.unit-test";
		};
/* End PBXNativeTarget section */

/* Begin PBXProject section */
		7109A8DB1B04306900435D3C /* Project object */ = {
			isa = PBXProject;
			attributes = {
				LastUpgradeCheck = 0630;
				ORGANIZATIONNAME = "Tarang khanna";
				TargetAttributes = {
					7109A8E21B04306900435D3C = {
						CreatedOnToolsVersion = 6.3.1;
						DevelopmentTeam = 7A9LG5LNH6;
					};
					7109A8F71B04306900435D3C = {
						CreatedOnToolsVersion = 6.3.1;
						TestTargetID = 7109A8E21B04306900435D3C;
					};
				};
			};
			buildConfigurationList = 7109A8DE1B04306900435D3C /* Build configuration list for PBXProject "WorkoutMotivation" */;
			compatibilityVersion = "Xcode 3.2";
			developmentRegion = English;
			hasScannedForEncodings = 0;
			knownRegions = (
				en,
				Base,
			);
			mainGroup = 7109A8DA1B04306900435D3C;
			productRefGroup = 7109A8E41B04306900435D3C /* Products */;
			projectDirPath = "";
			projectRoot = "";
			targets = (
				7109A8E21B04306900435D3C /* WorkoutMotivation */,
				7109A8F71B04306900435D3C /* WorkoutMotivationTests */,
			);
		};
/* End PBXProject section */

/* Begin PBXResourcesBuildPhase section */
		7109A8E11B04306900435D3C /* Resources */ = {
			isa = PBXResourcesBuildPhase;
			buildActionMask = 2147483647;
			files = (
				7109A8EE1B04306900435D3C /* Main.storyboard in Resources */,
				71AF79F01B192F52007953CD /* pulltorefresharrow.png in Resources */,
				7109A8F31B04306900435D3C /* LaunchScreen.xib in Resources */,
				71C553E71B2ACBD900357D8A /* ionicons.ttf in Resources */,
				7109A8F01B04306900435D3C /* Images.xcassets in Resources */,
				71C553E81B2ACBD900357D8A /* zocial-regular-webfont.ttf in Resources */,
				71C553E61B2ACBD900357D8A /* foundation-icons.ttf in Resources */,
				71C5537B1B2801A500357D8A /* LoadingView.xib in Resources */,
				71CEE6091B12CBDE00E85AA2 /* floatTableViewCell.xib in Resources */,
				71C553E51B2ACBD900357D8A /* FontAwesome.otf in Resources */,
				7128A98A1B0B17590035C41E /* Button.xcassets in Resources */,
			);
			runOnlyForDeploymentPostprocessing = 0;
		};
		7109A8F61B04306900435D3C /* Resources */ = {
			isa = PBXResourcesBuildPhase;
			buildActionMask = 2147483647;
			files = (
			);
			runOnlyForDeploymentPostprocessing = 0;
		};
/* End PBXResourcesBuildPhase section */

/* Begin PBXSourcesBuildPhase section */
		7109A8DF1B04306900435D3C /* Sources */ = {
			isa = PBXSourcesBuildPhase;
			buildActionMask = 2147483647;
			files = (
				71691B861B39DC8D005B6C32 /* CollectionViewCellComments.swift in Sources */,
				71C553871B2801A500357D8A /* SoundPlayer.swift in Sources */,
				71CEE6111B13087900E85AA2 /* MKTextField.swift in Sources */,
				7109A8EB1B04306900435D3C /* MotivateVC.swift in Sources */,
				71C553891B2801A500357D8A /* SpringAnimation.swift in Sources */,
				71AF79CC1B17D272007953CD /* FXBlurView.m in Sources */,
				719D538C1B06743400DD34CD /* SignUpVC.swift in Sources */,
				7135F2C31B080711002ACD53 /* WeigthsQuotes.swift in Sources */,
				71EE7A881B349587000EA33E /* FriendController.swift in Sources */,
				71561D011B1FD6A70052B5F7 /* PostImageViewController.swift in Sources */,
				71CEE61D1B13089900E85AA2 /* MKButton.swift in Sources */,
				71865A411B3D9BD5009EFE19 /* DiscoverGroupsViewController.swift in Sources */,
				71CEE6181B13089200E85AA2 /* MKLabel.swift in Sources */,
				7128A91E1B087F670035C41E /* ProgrammingVC.swift in Sources */,
				71C5538D1B2801A500357D8A /* SpringTextField.swift in Sources */,
				719D538E1B068FC100DD34CD /* Motivate.swift in Sources */,
				71C553781B2801A500357D8A /* AsyncImageView.swift in Sources */,
				71C5538E1B2801A500357D8A /* SpringTextView.swift in Sources */,
				718AAE231B45946D0028697D /* postingViewController.swift in Sources */,
				71AF79CD1B17D272007953CD /* TWTButton.swift in Sources */,
				71CEE61A1B13089200E85AA2 /* MKLayer.swift in Sources */,
				71C553771B2801A500357D8A /* AsyncButton.swift in Sources */,
				719D53801B046D6900DD34CD /* MotivationCell.swift in Sources */,
				71EE7A8A1B3496AA000EA33E /* CollectionViewCell2.swift in Sources */,
				71C553E11B2ACBD900357D8A /* FAKFoundationIcons.m in Sources */,
				71CEE6191B13089200E85AA2 /* MKImageView.swift in Sources */,
				71C553811B2801A500357D8A /* DesignableTextView.swift in Sources */,
				71AF79F41B192F68007953CD /* UIScrollViewExtension.swift in Sources */,
				710394FA1B22BB6300F01B5B /* layoutPost.swift in Sources */,
				71C553841B2801A500357D8A /* ImageLoader.swift in Sources */,
				71D8762D1B2DFD1B0095A1B4 /* SwiftSpinner.swift in Sources */,
				7128A9201B087FF70035C41E /* ProgrammingQuotes.swift in Sources */,
				71C553E31B2ACBD900357D8A /* FAKIonIcons.m in Sources */,
				71C553951B281D8500357D8A /* PicUpload.swift in Sources */,
				71C553CF1B2ACB1800357D8A /* SBGestureTableViewCellSideView.swift in Sources */,
				71C553831B2801A500357D8A /* DesignableTabBarController.swift in Sources */,
				7128F3D81B39DA750092094B /* Comments.swift in Sources */,
				71C553CC1B2ACB1800357D8A /* SBGestureTableView.swift in Sources */,
				718AAE0F1B453D8F0028697D /* MenuController.swift in Sources */,
				71C553CD1B2ACB1800357D8A /* SBGestureTableViewCell.swift in Sources */,
				71C553E21B2ACBD900357D8A /* FAKIcon.m in Sources */,
				71C5537D1B2801A500357D8A /* DesignableButton.swift in Sources */,
				710394F81B22ADC700F01B5B /* CollectionViewCell.swift in Sources */,
				71865A3F1B3D9B43009EFE19 /* CoverFlow.swift in Sources */,
				71C553901B2801A500357D8A /* TransitionManager.swift in Sources */,
				71C553821B2801A500357D8A /* DesignableView.swift in Sources */,
				719D538A1B066E1900DD34CD /* NavigationControl.swift in Sources */,
				7109A8E91B04306900435D3C /* AppDelegate.swift in Sources */,
				71AF79F61B192F98007953CD /* PullToRefreshOption.swift in Sources */,
				71CEE6171B13089200E85AA2 /* MKTableViewCell.swift in Sources */,
				71CEE5F61B12BB8100E85AA2 /* StudyVC.swift in Sources */,
				710B1FA81B45E73C006A9EC0 /* TimelineViewCell.swift in Sources */,
				71D803F81B0E8B3D0072541D /* loginVC.swift in Sources */,
				719D53901B06934500DD34CD /* DataSource.swift in Sources */,
				716B874F1B152E9D00B7E955 /* TimelineViewController.swift in Sources */,
				71CEE61B1B13089200E85AA2 /* MKColor.swift in Sources */,
				71C5538F1B2801A500357D8A /* SpringView.swift in Sources */,
				71C553801B2801A500357D8A /* DesignableTextField.swift in Sources */,
				71CEE60A1B12CBDE00E85AA2 /* VCFloatingActionButton.m in Sources */,
				71C553CE1B2ACB1800357D8A /* SBGestureTableViewCellAction.swift in Sources */,
				71C5538C1B2801A500357D8A /* SpringLabel.swift in Sources */,
				71AF79F31B192F68007953CD /* PullToRefreshView.swift in Sources */,
				71C553791B2801A500357D8A /* AutoTextView.swift in Sources */,
				71C553E41B2ACBD900357D8A /* FAKZocial.m in Sources */,
				71691B921B3B05DB005B6C32 /* CommentsVC.swift in Sources */,
				71C5538B1B2801A500357D8A /* SpringImageView.swift in Sources */,
				71C553861B2801A500357D8A /* Misc.swift in Sources */,
				7128A9561B0A98520035C41E /* SCLAlertView.swift in Sources */,
				71C553921B2801A500357D8A /* UnwindSegue.swift in Sources */,
				710394F61B22ADB800F01B5B /* LayoutController.swift in Sources */,
				71142A761B0DCE0900AB3600 /* SocialVC.swift in Sources */,
				718AAE161B454B900028697D /* SWRevealViewController.m in Sources */,
				71C5537E1B2801A500357D8A /* DesignableImageView.swift in Sources */,
				71CEE5F31B1283F000E85AA2 /* CardioVC.swift in Sources */,
				71C5537A1B2801A500357D8A /* LoadingView.swift in Sources */,
				71AF79C61B17D1F1007953CD /* profileVC.swift in Sources */,
				71AF79CB1B17D272007953CD /* AvatarImageView.swift in Sources */,
				71C553851B2801A500357D8A /* KeyboardLayoutConstraint.swift in Sources */,
				71C553911B2801A500357D8A /* TransitionZoom.swift in Sources */,
				71CEE60F1B13085700E85AA2 /* TextFieldViewController.swift in Sources */,
				71C5537C1B2801A500357D8A /* BlurView.swift in Sources */,
				71C553E01B2ACBD900357D8A /* FAKFontAwesome.m in Sources */,
				71CEE6081B12CBDE00E85AA2 /* floatTableViewCell.m in Sources */,
				71CEE60D1B12D27400E85AA2 /* RAMPaperSwitch.swift in Sources */,
				71C5537F1B2801A500357D8A /* DesignableLabel.swift in Sources */,
				7135F2C11B0800FD002ACD53 /* WeightsVC.swift in Sources */,
				71C5538A1B2801A500357D8A /* SpringButton.swift in Sources */,
				71C553881B2801A500357D8A /* Spring.swift in Sources */,
			);
			runOnlyForDeploymentPostprocessing = 0;
		};
		7109A8F41B04306900435D3C /* Sources */ = {
			isa = PBXSourcesBuildPhase;
			buildActionMask = 2147483647;
			files = (
				7109A8FF1B04306900435D3C /* WorkoutMotivationTests.swift in Sources */,
			);
			runOnlyForDeploymentPostprocessing = 0;
		};
/* End PBXSourcesBuildPhase section */

/* Begin PBXTargetDependency section */
		7109A8FA1B04306900435D3C /* PBXTargetDependency */ = {
			isa = PBXTargetDependency;
			target = 7109A8E21B04306900435D3C /* WorkoutMotivation */;
			targetProxy = 7109A8F91B04306900435D3C /* PBXContainerItemProxy */;
		};
/* End PBXTargetDependency section */

/* Begin PBXVariantGroup section */
		7109A8EC1B04306900435D3C /* Main.storyboard */ = {
			isa = PBXVariantGroup;
			children = (
				7109A8ED1B04306900435D3C /* Base */,
			);
			name = Main.storyboard;
			sourceTree = "<group>";
		};
		7109A8F11B04306900435D3C /* LaunchScreen.xib */ = {
			isa = PBXVariantGroup;
			children = (
				7109A8F21B04306900435D3C /* Base */,
			);
			name = LaunchScreen.xib;
			sourceTree = "<group>";
		};
/* End PBXVariantGroup section */

/* Begin XCBuildConfiguration section */
		7109A9001B04306900435D3C /* Debug */ = {
			isa = XCBuildConfiguration;
			buildSettings = {
				ALWAYS_SEARCH_USER_PATHS = NO;
				CLANG_CXX_LANGUAGE_STANDARD = "gnu++0x";
				CLANG_CXX_LIBRARY = "libc++";
				CLANG_ENABLE_MODULES = YES;
				CLANG_ENABLE_OBJC_ARC = YES;
				CLANG_WARN_BOOL_CONVERSION = YES;
				CLANG_WARN_CONSTANT_CONVERSION = YES;
				CLANG_WARN_DIRECT_OBJC_ISA_USAGE = YES_ERROR;
				CLANG_WARN_EMPTY_BODY = YES;
				CLANG_WARN_ENUM_CONVERSION = YES;
				CLANG_WARN_INT_CONVERSION = YES;
				CLANG_WARN_OBJC_ROOT_CLASS = YES_ERROR;
				CLANG_WARN_UNREACHABLE_CODE = YES;
				CLANG_WARN__DUPLICATE_METHOD_MATCH = YES;
				CODE_SIGN_IDENTITY = "iPhone Developer: tarang khanna (R8K4C5BT9T)";
				"CODE_SIGN_IDENTITY[sdk=iphoneos*]" = "iPhone Developer: tarang khanna (R8K4C5BT9T)";
				COPY_PHASE_STRIP = NO;
				DEBUG_INFORMATION_FORMAT = "dwarf-with-dsym";
				ENABLE_STRICT_OBJC_MSGSEND = YES;
				GCC_C_LANGUAGE_STANDARD = gnu99;
				GCC_DYNAMIC_NO_PIC = NO;
				GCC_NO_COMMON_BLOCKS = YES;
				GCC_OPTIMIZATION_LEVEL = 0;
				GCC_PREPROCESSOR_DEFINITIONS = (
					"DEBUG=1",
					"$(inherited)",
				);
				GCC_SYMBOLS_PRIVATE_EXTERN = NO;
				GCC_WARN_64_TO_32_BIT_CONVERSION = YES;
				GCC_WARN_ABOUT_RETURN_TYPE = YES_ERROR;
				GCC_WARN_UNDECLARED_SELECTOR = YES;
				GCC_WARN_UNINITIALIZED_AUTOS = YES_AGGRESSIVE;
				GCC_WARN_UNUSED_FUNCTION = YES;
				GCC_WARN_UNUSED_VARIABLE = YES;
				IPHONEOS_DEPLOYMENT_TARGET = 8.0;
				MTL_ENABLE_DEBUG_INFO = YES;
				ONLY_ACTIVE_ARCH = YES;
				SDKROOT = iphoneos;
				SWIFT_OPTIMIZATION_LEVEL = "-Onone";
				TARGETED_DEVICE_FAMILY = "1,2";
			};
			name = Debug;
		};
		7109A9011B04306900435D3C /* Release */ = {
			isa = XCBuildConfiguration;
			buildSettings = {
				ALWAYS_SEARCH_USER_PATHS = NO;
				CLANG_CXX_LANGUAGE_STANDARD = "gnu++0x";
				CLANG_CXX_LIBRARY = "libc++";
				CLANG_ENABLE_MODULES = YES;
				CLANG_ENABLE_OBJC_ARC = YES;
				CLANG_WARN_BOOL_CONVERSION = YES;
				CLANG_WARN_CONSTANT_CONVERSION = YES;
				CLANG_WARN_DIRECT_OBJC_ISA_USAGE = YES_ERROR;
				CLANG_WARN_EMPTY_BODY = YES;
				CLANG_WARN_ENUM_CONVERSION = YES;
				CLANG_WARN_INT_CONVERSION = YES;
				CLANG_WARN_OBJC_ROOT_CLASS = YES_ERROR;
				CLANG_WARN_UNREACHABLE_CODE = YES;
				CLANG_WARN__DUPLICATE_METHOD_MATCH = YES;
				CODE_SIGN_IDENTITY = "iPhone Developer: tarang khanna (R8K4C5BT9T)";
				"CODE_SIGN_IDENTITY[sdk=iphoneos*]" = "iPhone Developer: tarang khanna (R8K4C5BT9T)";
				COPY_PHASE_STRIP = NO;
				DEBUG_INFORMATION_FORMAT = "dwarf-with-dsym";
				ENABLE_NS_ASSERTIONS = NO;
				ENABLE_STRICT_OBJC_MSGSEND = YES;
				GCC_C_LANGUAGE_STANDARD = gnu99;
				GCC_NO_COMMON_BLOCKS = YES;
				GCC_WARN_64_TO_32_BIT_CONVERSION = YES;
				GCC_WARN_ABOUT_RETURN_TYPE = YES_ERROR;
				GCC_WARN_UNDECLARED_SELECTOR = YES;
				GCC_WARN_UNINITIALIZED_AUTOS = YES_AGGRESSIVE;
				GCC_WARN_UNUSED_FUNCTION = YES;
				GCC_WARN_UNUSED_VARIABLE = YES;
				IPHONEOS_DEPLOYMENT_TARGET = 8.0;
				MTL_ENABLE_DEBUG_INFO = NO;
				SDKROOT = iphoneos;
				TARGETED_DEVICE_FAMILY = "1,2";
				VALIDATE_PRODUCT = YES;
			};
			name = Release;
		};
		7109A9031B04306900435D3C /* Debug */ = {
			isa = XCBuildConfiguration;
			buildSettings = {
				ASSETCATALOG_COMPILER_APPICON_NAME = AppIcon;
				CLANG_ENABLE_MODULES = YES;
				CODE_SIGN_IDENTITY = "iPhone Developer";
				"CODE_SIGN_IDENTITY[sdk=iphoneos*]" = "iPhone Developer: tarang khanna (R8K4C5BT9T)";
				FRAMEWORK_SEARCH_PATHS = (
					"$(inherited)",
					/Users/THacked96/Documents/FacebookSDK,
					"$(PROJECT_DIR)",
				);
				INFOPLIST_FILE = WorkoutMotivation/Info.plist;
				IPHONEOS_DEPLOYMENT_TARGET = 8.0;
				LD_RUNPATH_SEARCH_PATHS = "$(inherited) @executable_path/Frameworks";
				PRODUCT_NAME = "$(TARGET_NAME)";
				PROVISIONING_PROFILE = "520cbc1b-5121-456b-b0ad-0d16e18c51b9";
				SWIFT_OBJC_BRIDGING_HEADER = "WorkoutMotivation/WorkoutMotivation-Bridging-Header.h";
				SWIFT_OPTIMIZATION_LEVEL = "-Onone";
			};
			name = Debug;
		};
		7109A9041B04306900435D3C /* Release */ = {
			isa = XCBuildConfiguration;
			buildSettings = {
				ASSETCATALOG_COMPILER_APPICON_NAME = AppIcon;
				CLANG_ENABLE_MODULES = YES;
				CODE_SIGN_IDENTITY = "iPhone Developer";
				"CODE_SIGN_IDENTITY[sdk=iphoneos*]" = "iPhone Developer: tarang khanna (R8K4C5BT9T)";
				FRAMEWORK_SEARCH_PATHS = (
					"$(inherited)",
					/Users/THacked96/Documents/FacebookSDK,
					"$(PROJECT_DIR)",
				);
				INFOPLIST_FILE = WorkoutMotivation/Info.plist;
				IPHONEOS_DEPLOYMENT_TARGET = 8.0;
				LD_RUNPATH_SEARCH_PATHS = "$(inherited) @executable_path/Frameworks";
				PRODUCT_NAME = "$(TARGET_NAME)";
				PROVISIONING_PROFILE = "520cbc1b-5121-456b-b0ad-0d16e18c51b9";
				SWIFT_OBJC_BRIDGING_HEADER = "WorkoutMotivation/WorkoutMotivation-Bridging-Header.h";
			};
			name = Release;
		};
		7109A9061B04306900435D3C /* Debug */ = {
			isa = XCBuildConfiguration;
			buildSettings = {
				BUNDLE_LOADER = "$(TEST_HOST)";
				FRAMEWORK_SEARCH_PATHS = (
					"$(SDKROOT)/Developer/Library/Frameworks",
					"$(inherited)",
				);
				GCC_PREPROCESSOR_DEFINITIONS = (
					"DEBUG=1",
					"$(inherited)",
				);
				INFOPLIST_FILE = WorkoutMotivationTests/Info.plist;
				LD_RUNPATH_SEARCH_PATHS = "$(inherited) @executable_path/Frameworks @loader_path/Frameworks";
				PRODUCT_NAME = "$(TARGET_NAME)";
				TEST_HOST = "$(BUILT_PRODUCTS_DIR)/WorkoutMotivation.app/WorkoutMotivation";
			};
			name = Debug;
		};
		7109A9071B04306900435D3C /* Release */ = {
			isa = XCBuildConfiguration;
			buildSettings = {
				BUNDLE_LOADER = "$(TEST_HOST)";
				FRAMEWORK_SEARCH_PATHS = (
					"$(SDKROOT)/Developer/Library/Frameworks",
					"$(inherited)",
				);
				INFOPLIST_FILE = WorkoutMotivationTests/Info.plist;
				LD_RUNPATH_SEARCH_PATHS = "$(inherited) @executable_path/Frameworks @loader_path/Frameworks";
				PRODUCT_NAME = "$(TARGET_NAME)";
				TEST_HOST = "$(BUILT_PRODUCTS_DIR)/WorkoutMotivation.app/WorkoutMotivation";
			};
			name = Release;
		};
/* End XCBuildConfiguration section */

/* Begin XCConfigurationList section */
		7109A8DE1B04306900435D3C /* Build configuration list for PBXProject "WorkoutMotivation" */ = {
			isa = XCConfigurationList;
			buildConfigurations = (
				7109A9001B04306900435D3C /* Debug */,
				7109A9011B04306900435D3C /* Release */,
			);
			defaultConfigurationIsVisible = 0;
			defaultConfigurationName = Release;
		};
		7109A9021B04306900435D3C /* Build configuration list for PBXNativeTarget "WorkoutMotivation" */ = {
			isa = XCConfigurationList;
			buildConfigurations = (
				7109A9031B04306900435D3C /* Debug */,
				7109A9041B04306900435D3C /* Release */,
			);
			defaultConfigurationIsVisible = 0;
			defaultConfigurationName = Release;
		};
		7109A9051B04306900435D3C /* Build configuration list for PBXNativeTarget "WorkoutMotivationTests" */ = {
			isa = XCConfigurationList;
			buildConfigurations = (
				7109A9061B04306900435D3C /* Debug */,
				7109A9071B04306900435D3C /* Release */,
			);
			defaultConfigurationIsVisible = 0;
			defaultConfigurationName = Release;
		};
/* End XCConfigurationList section */
	};
	rootObject = 7109A8DB1B04306900435D3C /* Project object */;
}
